
Microsoft Visual Studio Solution File, Format Version 12.00
# Visual Studio Version 17
VisualStudioVersion = 17.14.37411.7 d17.14
MinimumVisualStudioVersion = 10.0.40219.1
Project("{FAE04EC0-301F-11D3-BF4B-00C04F79EFBC}") = "7_Attributes", "7_Attributes\7_Attributes.csproj", "{945E1700-5F45-409E-AF0F-C75CC74404DB}"
EndProject
Project("{FAE04EC0-301F-11D3-BF4B-00C04F79EFBC}") = "7_Attributes_Additional", "7_Attributes_Additional\7_Attributes_Additional.csproj", "{D1B74F16-A3E2-427D-82DD-F61E7A727427}"
EndProject
Global
	GlobalSection(SolutionConfigurationPlatforms) = preSolution
		Debug|Any CPU = Debug|Any CPU
		Release|Any CPU = Release|Any CPU
	EndGlobalSection
	GlobalSection(ProjectConfigurationPlatforms) = postSolution
		{945E1700-5F45-409E-AF0F-C75CC74404DB}.Debug|Any CPU.ActiveCfg = Debug|Any CPU
		{945E1700-5F45-409E-AF0F-C75CC74404DB}.Debug|Any CPU.Build.0 = Debug|Any CPU
		{945E1700-5F45-409E-AF0F-C75CC74404DB}.Release|Any CPU.ActiveCfg = Release|Any CPU
		{945E1700-5F45-409E-AF0F-C75CC74404DB}.Release|Any CPU.Build.0 = Release|Any CPU
		{D1B74F16-A3E2-427D-82DD-F61E7A727427}.Debug|Any CPU.ActiveCfg = Debug|Any CPU
		{D1B74F16-A3E2-427D-82DD-F61E7A727427}.Debug|Any CPU.Build.0 = Debug|Any CPU
		{D1B74F16-A3E2-427D-82DD-F61E7A727427}.Release|Any CPU.ActiveCfg = Release|Any CPU
		{D1B74F16-A3E2-427D-82DD-F61E7A727427}.Release|Any CPU.Build.0 = Release|Any CPU
	EndGlobalSection
	GlobalSection(SolutionProperties) = preSolution
		HideSolutionNode = FALSE
	EndGlobalSection
	GlobalSection(ExtensibilityGlobals) = postSolution
		SolutionGuid = {FB7DF5ED-1918-46C5-895F-3148D767FC40}
	EndGlobalSection
EndGlobal
