
Microsoft Visual Studio Solution File, Format Version 12.00
# Visual Studio Version 17
VisualStudioVersion = 17.14.37411.7
MinimumVisualStudioVersion = 10.0.40219.1
Project("{FAE04EC0-301F-11D3-BF4B-00C04F79EFBC}") = "6_Reflection", "6_Reflection\6_Reflection.csproj", "{BE33D1BF-58A1-46EA-B69D-559825EDBB78}"
EndProject
Project("{FAE04EC0-301F-11D3-BF4B-00C04F79EFBC}") = "6_Reflection_Additional", "6_Reflection_Additional\6_Reflection_Additional.csproj", "{07A00A06-A324-4B76-9394-DC52FCD62071}"
EndProject
Global
	GlobalSection(SolutionConfigurationPlatforms) = preSolution
		Debug|Any CPU = Debug|Any CPU
		Release|Any CPU = Release|Any CPU
	EndGlobalSection
	GlobalSection(ProjectConfigurationPlatforms) = postSolution
		{BE33D1BF-58A1-46EA-B69D-559825EDBB78}.Debug|Any CPU.ActiveCfg = Debug|Any CPU
		{BE33D1BF-58A1-46EA-B69D-559825EDBB78}.Debug|Any CPU.Build.0 = Debug|Any CPU
		{BE33D1BF-58A1-46EA-B69D-559825EDBB78}.Release|Any CPU.ActiveCfg = Release|Any CPU
		{BE33D1BF-58A1-46EA-B69D-559825EDBB78}.Release|Any CPU.Build.0 = Release|Any CPU
		{07A00A06-A324-4B76-9394-DC52FCD62071}.Debug|Any CPU.ActiveCfg = Debug|Any CPU
		{07A00A06-A324-4B76-9394-DC52FCD62071}.Debug|Any CPU.Build.0 = Debug|Any CPU
		{07A00A06-A324-4B76-9394-DC52FCD62071}.Release|Any CPU.ActiveCfg = Release|Any CPU
		{07A00A06-A324-4B76-9394-DC52FCD62071}.Release|Any CPU.Build.0 = Release|Any CPU
	EndGlobalSection
	GlobalSection(SolutionProperties) = preSolution
		HideSolutionNode = FALSE
	EndGlobalSection
	GlobalSection(ExtensibilityGlobals) = postSolution
		SolutionGuid = {F08F100D-4F77-4F45-8903-951E7C17478F}
	EndGlobalSection
EndGlobal
